PODS:
  - PcgRandom (1.0):
    - PcgRandom/PcgRandomC (= 1.0)
  - PcgRandom/PcgRandomC (1.0)

DEPENDENCIES:
  - PcgRandom (from `../`)

EXTERNAL SOURCES:
  PcgRandom:
    :path: "../"

SPEC CHECKSUMS:
  PcgRandom: 3ed88fb9655c940e39d984aed82ac0cc72fc831f

PODFILE CHECKSUM: ca4e3055eceddff781665b88682c43173f345b15

COCOAPODS: 1.15.2
