PODS:
  - PcgRandom (1.0):
    - PcgRandom/PcgRandomC (= 1.0)
  - PcgRandom/PcgRandomC (1.0)

DEPENDENCIES:
  - PcgRandom (from `../`)

EXTERNAL SOURCES:
  PcgRandom:
    :path: "../"

SPEC CHECKSUMS:
  PcgRandom: ed69e3798a8c1df8aade572527568245a4f3985b

PODFILE CHECKSUM: ca4e3055eceddff781665b88682c43173f345b15

COCOAPODS: 1.15.2
