PODS:
  - PcgRandom (1.0):
    - PcgRandom/PcgRandomC (= 1.0)
  - PcgRandom/PcgRandomC (1.0)

DEPENDENCIES:
  - PcgRandom (from `../`)

EXTERNAL SOURCES:
  PcgRandom:
    :path: "../"

SPEC CHECKSUMS:
  PcgRandom: 3ed88fb9655c940e39d984aed82ac0cc72fc831f

PODFILE CHECKSUM: 797b88433770f06ed8bec85242a4db241f3e2867

COCOAPODS: 1.9.1
